[[package]]
category = "main"
description = "Add .env support to your django/flask apps in development and deployments"
name = "python-dotenv"
optional = false
python-versions = "*"
version = "0.13.0"

[metadata]
content-hash = "5ef6aba571c31ac168d33e0d1c2f7528e60bc9b894f0f35f2683723e4693a355"
python-versions = "^3.7"

[metadata.hashes]
python-dotenv = ["25c0ff1a3e12f4bde8d592cc254ab075cfe734fc5dd989036716fd17ee7e5ec7", "3b9909bc96b0edc6b01586e1eed05e71174ef4e04c71da5786370cebea53ad74"]
